{
  "name": "@kmamal/util",
  "version": "0.0.41",
  "lockfileVersion": 2,
  "requires": true,
  "packages": {
    "": {
      "name": "@kmamal/util",
      "version": "0.0.41",
      "license": "MIT",
      "devDependencies": {
        "@kmamal/testing": "^0.0.9"
      }
    },
    "node_modules/@kmamal/testing": {
      "version": "0.0.9",
      "resolved": "https://registry.npmjs.org/@kmamal/testing/-/testing-0.0.9.tgz",
      "integrity": "sha512-Mq3jCm2Esvtjhlq9cAYtZbAyWAww9+f890kStx0ad59Bt3Pz4tEavbbb/UNOSxGmxeFAGlijo0qkI8qflK7coQ==",
      "dev": true
    }
  },
  "dependencies": {
    "@kmamal/testing": {
      "version": "0.0.9",
      "resolved": "https://registry.npmjs.org/@kmamal/testing/-/testing-0.0.9.tgz",
      "integrity": "sha512-Mq3jCm2Esvtjhlq9cAYtZbAyWAww9+f890kStx0ad59Bt3Pz4tEavbbb/UNOSxGmxeFAGlijo0qkI8qflK7coQ==",
      "dev": true
    }
  }
}
