{
  "name": "@xyz/util",
  "version": "0.0.2",
  "lockfileVersion": 1,
  "requires": true,
  "dependencies": {
    "@xyz/testing": {
      "version": "git:repos/testing#11a276c01035be727f248ad26e900f2be95409ff",
      "from": "git:repos/testing#semver:*",
      "dev": true,
      "requires": {
        "@xyz/util": "git:repos/util#semver:*"
      }
    },
    "@xyz/util": {
      "version": "git:repos/util#11ea4228463106f578ca47538e207d1d4d9cddb7",
      "from": "git:repos/util#semver:*",
      "dev": true,
      "requires": {
        "@xyz/testing": "git:repos/testing#semver:*"
      }
    }
  }
}
