{
  "name": "@kmamal/util",
  "version": "0.0.39",
  "lockfileVersion": 2,
  "requires": true,
  "packages": {
    "": {
      "name": "@kmamal/util",
      "version": "0.0.39",
      "license": "MIT",
      "devDependencies": {
        "@kmamal/testing": "kmamal/testing.git#semver:*"
      }
    },
    "node_modules/@kmamal/testing": {
      "version": "0.0.8",
      "resolved": "git+ssh://git@github.com/kmamal/testing.git#b78135cd77e80147291c600cd0d52af9accda5f1",
      "dev": true,
      "license": "MIT",
      "dependencies": {
        "@kmamal/util": "kmamal/util.git#semver:*"
      }
    },
    "node_modules/@kmamal/util": {
      "version": "0.0.39",
      "resolved": "git+ssh://git@github.com/kmamal/util.git#adf99c466999f8ae4bdd9c09d87f721c64d0a143",
      "dev": true,
      "license": "MIT"
    }
  },
  "dependencies": {
    "@kmamal/testing": {
      "version": "git+ssh://git@github.com/kmamal/testing.git#b78135cd77e80147291c600cd0d52af9accda5f1",
      "dev": true,
      "from": "@kmamal/testing@kmamal/testing.git#semver:*",
      "requires": {
        "@kmamal/util": "kmamal/util.git#semver:*"
      }
    },
    "@kmamal/util": {
      "version": "git+ssh://git@github.com/kmamal/util.git#adf99c466999f8ae4bdd9c09d87f721c64d0a143",
      "dev": true,
      "from": "@kmamal/util@kmamal/util.git#semver:*"
    }
  }
}
